
Microsoft Visual Studio Solution File, Format Version 12.00
# Visual Studio Version 17
VisualStudioVersion = 17.4.33122.133
MinimumVisualStudioVersion = 10.0.40219.1
Project("{FAE04EC0-301F-11D3-BF4B-00C04F79EFBC}") = "DataStructureDemo", "DataStructureDemo\DataStructureDemo.csproj", "{030BFA5C-2FAF-4B3C-A2C4-D963BB7CFF1D}"
EndProject
Project("{FAE04EC0-301F-11D3-BF4B-00C04F79EFBC}") = "QueueUsingLinkedList", "QueueUsingLinkedList\QueueUsingLinkedList.csproj", "{52F99BA4-8883-4B8A-B954-8645364CDCCC}"
EndProject
Project("{FAE04EC0-301F-11D3-BF4B-00C04F79EFBC}") = "StackUsingLinkedList", "StackUsingLinkedList\StackUsingLinkedList.csproj", "{F0A34F6B-FC7B-4A5D-A0B4-C70075665B4D}"
EndProject
Global
	GlobalSection(SolutionConfigurationPlatforms) = preSolution
		Debug|Any CPU = Debug|Any CPU
		Release|Any CPU = Release|Any CPU
	EndGlobalSection
	GlobalSection(ProjectConfigurationPlatforms) = postSolution
		{030BFA5C-2FAF-4B3C-A2C4-D963BB7CFF1D}.Debug|Any CPU.ActiveCfg = Debug|Any CPU
		{030BFA5C-2FAF-4B3C-A2C4-D963BB7CFF1D}.Debug|Any CPU.Build.0 = Debug|Any CPU
		{030BFA5C-2FAF-4B3C-A2C4-D963BB7CFF1D}.Release|Any CPU.ActiveCfg = Release|Any CPU
		{030BFA5C-2FAF-4B3C-A2C4-D963BB7CFF1D}.Release|Any CPU.Build.0 = Release|Any CPU
		{52F99BA4-8883-4B8A-B954-8645364CDCCC}.Debug|Any CPU.ActiveCfg = Debug|Any CPU
		{52F99BA4-8883-4B8A-B954-8645364CDCCC}.Debug|Any CPU.Build.0 = Debug|Any CPU
		{52F99BA4-8883-4B8A-B954-8645364CDCCC}.Release|Any CPU.ActiveCfg = Release|Any CPU
		{52F99BA4-8883-4B8A-B954-8645364CDCCC}.Release|Any CPU.Build.0 = Release|Any CPU
		{F0A34F6B-FC7B-4A5D-A0B4-C70075665B4D}.Debug|Any CPU.ActiveCfg = Debug|Any CPU
		{F0A34F6B-FC7B-4A5D-A0B4-C70075665B4D}.Debug|Any CPU.Build.0 = Debug|Any CPU
		{F0A34F6B-FC7B-4A5D-A0B4-C70075665B4D}.Release|Any CPU.ActiveCfg = Release|Any CPU
		{F0A34F6B-FC7B-4A5D-A0B4-C70075665B4D}.Release|Any CPU.Build.0 = Release|Any CPU
	EndGlobalSection
	GlobalSection(SolutionProperties) = preSolution
		HideSolutionNode = FALSE
	EndGlobalSection
	GlobalSection(ExtensibilityGlobals) = postSolution
		SolutionGuid = {E344C6E4-D4F3-474B-AB24-95A51D39663D}
	EndGlobalSection
EndGlobal
